{
  "name": "seplis",
  "lockfileVersion": 3,
  "requires": true,
  "packages": {
    "": {
      "dependencies": {
        "@videojs/react": "^10.0.0-beta.15",
        "ky": "^1.14.3"
      }
    },
    "node_modules/@svta/cml-608": {
      "version": "1.0.1",
      "resolved": "https://registry.npmjs.org/@svta/cml-608/-/cml-608-1.0.1.tgz",
      "integrity": "sha512-Y/Ier9VPUSOBnf0bJqdDyTlPrt4dDB+jk5mYHa1bnD2kcRl8qn7KkW3PRuj4w1aVN+BS2eHmsLxodt7P2hylUg==",
      "license": "Apache-2.0",
      "engines": {
        "node": ">=20"
      }
    },
    "node_modules/@svta/cml-cmcd": {
      "version": "1.0.1",
      "resolved": "https://registry.npmjs.org/@svta/cml-cmcd/-/cml-cmcd-1.0.1.tgz",
      "integrity": "sha512-eox305g+QUJgXqOLVrbgxeQHCgl90ewwQ9O2bIoo7m+hanR8Xswu5CknFnT5qqIbLOHfw80ug+raycoAFHTQ+w==",
      "license": "Apache-2.0",
      "engines": {
        "node": ">=20"
      },
      "peerDependencies": {
        "@svta/cml-cta": "1.0.1",
        "@svta/cml-structured-field-values": "1.0.1",
        "@svta/cml-utils": "1.0.1"
      }
    },
    "node_modules/@svta/cml-cmsd": {
      "version": "1.0.1",
      "resolved": "https://registry.npmjs.org/@svta/cml-cmsd/-/cml-cmsd-1.0.1.tgz",
      "integrity": "sha512-+nIB8PuSfb/qw+xGaArPhNqPm84tBJUbe3H1DnPL5QUsjSUI7mUIUQwAtRV1ZdEu0+80g9i0op79woB0OIwr/g==",
      "license": "Apache-2.0",
      "engines": {
        "node": ">=20"
      },
      "peerDependencies": {
        "@svta/cml-cta": "1.0.1",
        "@svta/cml-structured-field-values": "1.0.1",
        "@svta/cml-utils": "1.0.1"
      }
    },
    "node_modules/@svta/cml-cta": {
      "version": "1.0.1",
      "resolved": "https://registry.npmjs.org/@svta/cml-cta/-/cml-cta-1.0.1.tgz",
      "integrity": "sha512-jcXqNIPv26bmFxIOFh8/c3+6WLH4qBjKpq9qTQcggDPoHuV1YBydMsJLOnYPDeK8rNMKcAkFLbnDRvyJthu5yw==",
      "license": "Apache-2.0",
      "peer": true,
      "engines": {
        "node": ">=20"
      },
      "peerDependencies": {
        "@svta/cml-structured-field-values": "1.0.1",
        "@svta/cml-utils": "1.0.1"
      }
    },
    "node_modules/@svta/cml-dash": {
      "version": "1.0.1",
      "resolved": "https://registry.npmjs.org/@svta/cml-dash/-/cml-dash-1.0.1.tgz",
      "integrity": "sha512-lYnD1I7FUbbQND+xICI+kcRaRXuT+whKk27R8m8me5VMVu2sMsAMc7Yui6l9sxw2cBKt8pSETPYRm/1+n4LZkw==",
      "license": "Apache-2.0",
      "engines": {
        "node": ">=20"
      },
      "peerDependencies": {
        "@svta/cml-utils": "1.0.1"
      }
    },
    "node_modules/@svta/cml-id3": {
      "version": "1.0.1",
      "resolved": "https://registry.npmjs.org/@svta/cml-id3/-/cml-id3-1.0.1.tgz",
      "integrity": "sha512-90fGlL1qRI88CcaB89k6NG6cC3kky4Eu2jwqU4HefqK+S5k2OASUxf8JXkGz+DsdaiY7sh51vGPYdolfBZS7ug==",
      "license": "Apache-2.0",
      "engines": {
        "node": ">=20"
      },
      "peerDependencies": {
        "@svta/cml-utils": "1.0.1"
      }
    },
    "node_modules/@svta/cml-request": {
      "version": "1.0.1",
      "resolved": "https://registry.npmjs.org/@svta/cml-request/-/cml-request-1.0.1.tgz",
      "integrity": "sha512-enL19BuXUjFkDDDF9jdNwUclMNPRsagnjGAetVC7xcmpDMpEx+ZLgsDip6BFNg5p6izSEk/OyujTWW1r8bDNiA==",
      "license": "Apache-2.0",
      "engines": {
        "node": ">=20"
      },
      "peerDependencies": {
        "@svta/cml-utils": "1.0.1",
        "@svta/cml-xml": "1.0.1"
      }
    },
    "node_modules/@svta/cml-structured-field-values": {
      "version": "1.0.1",
      "resolved": "https://registry.npmjs.org/@svta/cml-structured-field-values/-/cml-structured-field-values-1.0.1.tgz",
      "integrity": "sha512-Kibciki59Pon3Pn/sl5uyrbJcSpZQDKqdCfDrokBvOdLoqqcd0oFrkEPsZBiuuIODX1CB80612xe8hopeFDyBA==",
      "license": "Apache-2.0",
      "peer": true,
      "engines": {
        "node": ">=20"
      },
      "peerDependencies": {
        "@svta/cml-utils": "1.0.1"
      }
    },
    "node_modules/@svta/cml-utils": {
      "version": "1.0.1",
      "resolved": "https://registry.npmjs.org/@svta/cml-utils/-/cml-utils-1.0.1.tgz",
      "integrity": "sha512-kso3curTJfp00I1mKFoBliBApjn4aPE+wF8cPucf7TrSDVWZDeLLuF14ASmUE9m7rnrqTTK4878VvmXaXcCCfQ==",
      "license": "Apache-2.0",
      "peer": true,
      "engines": {
        "node": ">=20"
      }
    },
    "node_modules/@svta/cml-xml": {
      "version": "1.0.1",
      "resolved": "https://registry.npmjs.org/@svta/cml-xml/-/cml-xml-1.0.1.tgz",
      "integrity": "sha512-11LkJa5kDEcsRMWkVI1ABH3KLCxGoiSVe4kQ293ItVj8ncTTQ7htmCGiJDjS+Cmy35UgF3e/vc0ysJIiWRTx2g==",
      "license": "Apache-2.0",
      "engines": {
        "node": ">=20"
      },
      "peerDependencies": {
        "@svta/cml-utils": "1.0.1"
      }
    },
    "node_modules/@videojs/core": {
      "version": "10.0.0-beta.15",
      "resolved": "https://registry.npmjs.org/@videojs/core/-/core-10.0.0-beta.15.tgz",
      "integrity": "sha512-hRQvB+XwiQ0PZsy0ovSCQXed3LfJEcpqZchlDpq8gIe6gBT5jYd2sXYoxn6rodJ8H54TSwEpsJ3kBS220XcbJg==",
      "license": "Apache-2.0",
      "dependencies": {
        "@videojs/spf": "10.0.0-beta.15",
        "@videojs/store": "10.0.0-beta.15",
        "@videojs/utils": "10.0.0-beta.15",
        "dashjs": "^5.0.0",
        "hls.js": "^1.6.7",
        "mux-embed": "^5.17.10"
      }
    },
    "node_modules/@videojs/react": {
      "version": "10.0.0-beta.15",
      "resolved": "https://registry.npmjs.org/@videojs/react/-/react-10.0.0-beta.15.tgz",
      "integrity": "sha512-Yn3R1RMVY0eVbzSPhrPN1OtCp2DTf77kUsubjYNgBucSj2aPxwVBjJj6bd5zYLeibeZNHv/hhJxFWPSzxbKhGw==",
      "license": "Apache-2.0",
      "dependencies": {
        "@videojs/core": "10.0.0-beta.15",
        "@videojs/spf": "10.0.0-beta.15",
        "@videojs/store": "10.0.0-beta.15",
        "@videojs/utils": "10.0.0-beta.15"
      },
      "peerDependencies": {
        "react": ">=16.8.0"
      }
    },
    "node_modules/@videojs/spf": {
      "version": "10.0.0-beta.15",
      "resolved": "https://registry.npmjs.org/@videojs/spf/-/spf-10.0.0-beta.15.tgz",
      "integrity": "sha512-h80PGh0MCBsdC437nGvCery75WrcNGom/zzsdl2EVpTCPb3PiroNOZHJg1Rl2dlFLOyBDgIXvu2b+j7qLRkrtg==",
      "license": "Apache-2.0",
      "dependencies": {
        "@videojs/utils": "10.0.0-beta.15",
        "signal-polyfill": "^0.2.2"
      }
    },
    "node_modules/@videojs/store": {
      "version": "10.0.0-beta.15",
      "resolved": "https://registry.npmjs.org/@videojs/store/-/store-10.0.0-beta.15.tgz",
      "integrity": "sha512-boFQ5PuDlxHQjzbDnmo9hirXftcdp3MyeMu3FGnqiefWl9K/SkMEltsOfY2IJmkZHjZPjeZnSPzyFz5gJOeJIg==",
      "license": "Apache-2.0",
      "dependencies": {
        "@videojs/utils": "10.0.0-beta.15"
      },
      "peerDependencies": {
        "@videojs/element": "10.0.0-beta.15",
        "react": "^18.0.0 || ^19.0.0"
      },
      "peerDependenciesMeta": {
        "@videojs/element": {
          "optional": true
        },
        "react": {
          "optional": true
        }
      }
    },
    "node_modules/@videojs/utils": {
      "version": "10.0.0-beta.15",
      "resolved": "https://registry.npmjs.org/@videojs/utils/-/utils-10.0.0-beta.15.tgz",
      "integrity": "sha512-MtiQQc9DNmnGCXfsEH/bMg5sJjJKc0JSUiRDhacsh5NJSmKnUtSMCDOP9OKgF3ln+mTOUSRQ+JjwoMBhqmN9dA==",
      "license": "Apache-2.0"
    },
    "node_modules/bcp-47": {
      "version": "2.1.0",
      "resolved": "https://registry.npmjs.org/bcp-47/-/bcp-47-2.1.0.tgz",
      "integrity": "sha512-9IIS3UPrvIa1Ej+lVDdDwO7zLehjqsaByECw0bu2RRGP73jALm6FYbzI5gWbgHLvNdkvfXB5YrSbocZdOS0c0w==",
      "license": "MIT",
      "dependencies": {
        "is-alphabetical": "^2.0.0",
        "is-alphanumerical": "^2.0.0",
        "is-decimal": "^2.0.0"
      },
      "funding": {
        "type": "github",
        "url": "https://github.com/sponsors/wooorm"
      }
    },
    "node_modules/bcp-47-match": {
      "version": "2.0.3",
      "resolved": "https://registry.npmjs.org/bcp-47-match/-/bcp-47-match-2.0.3.tgz",
      "integrity": "sha512-JtTezzbAibu8G0R9op9zb3vcWZd9JF6M0xOYGPn0fNCd7wOpRB1mU2mH9T8gaBGbAAyIIVgB2G7xG0GP98zMAQ==",
      "license": "MIT",
      "funding": {
        "type": "github",
        "url": "https://github.com/sponsors/wooorm"
      }
    },
    "node_modules/bcp-47-normalize": {
      "version": "2.3.0",
      "resolved": "https://registry.npmjs.org/bcp-47-normalize/-/bcp-47-normalize-2.3.0.tgz",
      "integrity": "sha512-8I/wfzqQvttUFz7HVJgIZ7+dj3vUaIyIxYXaTRP1YWoSDfzt6TUmxaKZeuXR62qBmYr+nvuWINFRl6pZ5DlN4Q==",
      "license": "MIT",
      "dependencies": {
        "bcp-47": "^2.0.0",
        "bcp-47-match": "^2.0.0"
      },
      "funding": {
        "type": "github",
        "url": "https://github.com/sponsors/wooorm"
      }
    },
    "node_modules/codem-isoboxer": {
      "version": "0.3.10",
      "resolved": "https://registry.npmjs.org/codem-isoboxer/-/codem-isoboxer-0.3.10.tgz",
      "integrity": "sha512-eNk3TRV+xQMJ1PEj0FQGY8KD4m0GPxT487XJ+Iftm7mVa9WpPFDMWqPt+46buiP5j5Wzqe5oMIhqBcAeKfygSA==",
      "license": "MIT"
    },
    "node_modules/dashjs": {
      "version": "5.1.1",
      "resolved": "https://registry.npmjs.org/dashjs/-/dashjs-5.1.1.tgz",
      "integrity": "sha512-BzNXlUgzEjhuZ5M5hlSp1qIyQHZ7NpXAR0loP9DAAFVZj/ntL1DHeZ7qp/L3bvI4rq50X5indkAZQ3zEHWJoCA==",
      "license": "BSD-3-Clause",
      "dependencies": {
        "@svta/cml-608": "1.0.1",
        "@svta/cml-cmcd": "1.0.1",
        "@svta/cml-cmsd": "1.0.1",
        "@svta/cml-dash": "1.0.1",
        "@svta/cml-id3": "1.0.1",
        "@svta/cml-request": "1.0.1",
        "@svta/cml-xml": "1.0.1",
        "bcp-47-match": "^2.0.3",
        "bcp-47-normalize": "^2.3.0",
        "codem-isoboxer": "0.3.10",
        "fast-deep-equal": "3.1.3",
        "html-entities": "^2.5.2",
        "imsc": "^1.1.5",
        "localforage": "^1.10.0",
        "path-browserify": "^1.0.1",
        "ua-parser-js": "^1.0.37"
      }
    },
    "node_modules/fast-deep-equal": {
      "version": "3.1.3",
      "resolved": "https://registry.npmjs.org/fast-deep-equal/-/fast-deep-equal-3.1.3.tgz",
      "integrity": "sha512-f3qQ9oQy9j2AhBe/H9VC91wLmKBCCU/gDOnKNAYG5hswO7BLKj09Hc5HYNz9cGI++xlpDCIgDaitVs03ATR84Q==",
      "license": "MIT"
    },
    "node_modules/hls.js": {
      "version": "1.6.15",
      "resolved": "https://registry.npmjs.org/hls.js/-/hls.js-1.6.15.tgz",
      "integrity": "sha512-E3a5VwgXimGHwpRGV+WxRTKeSp2DW5DI5MWv34ulL3t5UNmyJWCQ1KmLEHbYzcfThfXG8amBL+fCYPneGHC4VA==",
      "license": "Apache-2.0"
    },
    "node_modules/html-entities": {
      "version": "2.6.0",
      "resolved": "https://registry.npmjs.org/html-entities/-/html-entities-2.6.0.tgz",
      "integrity": "sha512-kig+rMn/QOVRvr7c86gQ8lWXq+Hkv6CbAH1hLu+RG338StTpE8Z0b44SDVaqVu7HGKf27frdmUYEs9hTUX/cLQ==",
      "funding": [
        {
          "type": "github",
          "url": "https://github.com/sponsors/mdevils"
        },
        {
          "type": "patreon",
          "url": "https://patreon.com/mdevils"
        }
      ],
      "license": "MIT"
    },
    "node_modules/immediate": {
      "version": "3.0.6",
      "resolved": "https://registry.npmjs.org/immediate/-/immediate-3.0.6.tgz",
      "integrity": "sha512-XXOFtyqDjNDAQxVfYxuF7g9Il/IbWmmlQg2MYKOH8ExIT1qg6xc4zyS3HaEEATgs1btfzxq15ciUiY7gjSXRGQ==",
      "license": "MIT"
    },
    "node_modules/imsc": {
      "version": "1.1.5",
      "resolved": "https://registry.npmjs.org/imsc/-/imsc-1.1.5.tgz",
      "integrity": "sha512-V8je+CGkcvGhgl2C1GlhqFFiUOIEdwXbXLiu1Fcubvvbo+g9inauqT3l0pNYXGoLPBj3jxtZz9t+wCopMkwadQ==",
      "license": "BSD-2-Clause",
      "dependencies": {
        "sax": "1.2.1"
      }
    },
    "node_modules/is-alphabetical": {
      "version": "2.0.1",
      "resolved": "https://registry.npmjs.org/is-alphabetical/-/is-alphabetical-2.0.1.tgz",
      "integrity": "sha512-FWyyY60MeTNyeSRpkM2Iry0G9hpr7/9kD40mD/cGQEuilcZYS4okz8SN2Q6rLCJ8gbCt6fN+rC+6tMGS99LaxQ==",
      "license": "MIT",
      "funding": {
        "type": "github",
        "url": "https://github.com/sponsors/wooorm"
      }
    },
    "node_modules/is-alphanumerical": {
      "version": "2.0.1",
      "resolved": "https://registry.npmjs.org/is-alphanumerical/-/is-alphanumerical-2.0.1.tgz",
      "integrity": "sha512-hmbYhX/9MUMF5uh7tOXyK/n0ZvWpad5caBA17GsC6vyuCqaWliRG5K1qS9inmUhEMaOBIW7/whAnSwveW/LtZw==",
      "license": "MIT",
      "dependencies": {
        "is-alphabetical": "^2.0.0",
        "is-decimal": "^2.0.0"
      },
      "funding": {
        "type": "github",
        "url": "https://github.com/sponsors/wooorm"
      }
    },
    "node_modules/is-decimal": {
      "version": "2.0.1",
      "resolved": "https://registry.npmjs.org/is-decimal/-/is-decimal-2.0.1.tgz",
      "integrity": "sha512-AAB9hiomQs5DXWcRB1rqsxGUstbRroFOPPVAomNk/3XHR5JyEZChOyTWe2oayKnsSsr/kcGqF+z6yuH6HHpN0A==",
      "license": "MIT",
      "funding": {
        "type": "github",
        "url": "https://github.com/sponsors/wooorm"
      }
    },
    "node_modules/ky": {
      "version": "1.14.3",
      "resolved": "https://registry.npmjs.org/ky/-/ky-1.14.3.tgz",
      "integrity": "sha512-9zy9lkjac+TR1c2tG+mkNSVlyOpInnWdSMiue4F+kq8TwJSgv6o8jhLRg8Ho6SnZ9wOYUq/yozts9qQCfk7bIw==",
      "license": "MIT",
      "engines": {
        "node": ">=18"
      },
      "funding": {
        "url": "https://github.com/sindresorhus/ky?sponsor=1"
      }
    },
    "node_modules/lie": {
      "version": "3.1.1",
      "resolved": "https://registry.npmjs.org/lie/-/lie-3.1.1.tgz",
      "integrity": "sha512-RiNhHysUjhrDQntfYSfY4MU24coXXdEOgw9WGcKHNeEwffDYbF//u87M1EWaMGzuFoSbqW0C9C6lEEhDOAswfw==",
      "license": "MIT",
      "dependencies": {
        "immediate": "~3.0.5"
      }
    },
    "node_modules/localforage": {
      "version": "1.10.0",
      "resolved": "https://registry.npmjs.org/localforage/-/localforage-1.10.0.tgz",
      "integrity": "sha512-14/H1aX7hzBBmmh7sGPd+AOMkkIrHM3Z1PAyGgZigA1H1p5O5ANnMyWzvpAETtG68/dC4pC0ncy3+PPGzXZHPg==",
      "license": "Apache-2.0",
      "dependencies": {
        "lie": "3.1.1"
      }
    },
    "node_modules/mux-embed": {
      "version": "5.17.10",
      "resolved": "https://registry.npmjs.org/mux-embed/-/mux-embed-5.17.10.tgz",
      "integrity": "sha512-i+eaoezVxIEliYGWPsjQztrWbA8A3Rzwqhwv1WGuRrl2npx85jFYJV5y+cjh7FASPOjT+7zJTYCJfxmcbgM7Hg==",
      "license": "MIT"
    },
    "node_modules/path-browserify": {
      "version": "1.0.1",
      "resolved": "https://registry.npmjs.org/path-browserify/-/path-browserify-1.0.1.tgz",
      "integrity": "sha512-b7uo2UCUOYZcnF/3ID0lulOJi/bafxa1xPe7ZPsammBSpjSWQkjNxlt635YGS2MiR9GjvuXCtz2emr3jbsz98g==",
      "license": "MIT"
    },
    "node_modules/react": {
      "version": "19.2.4",
      "resolved": "https://registry.npmjs.org/react/-/react-19.2.4.tgz",
      "integrity": "sha512-9nfp2hYpCwOjAN+8TZFGhtWEwgvWHXqESH8qT89AT/lWklpLON22Lc8pEtnpsZz7VmawabSU0gCjnj8aC0euHQ==",
      "license": "MIT",
      "peer": true,
      "engines": {
        "node": ">=0.10.0"
      }
    },
    "node_modules/sax": {
      "version": "1.2.1",
      "resolved": "https://registry.npmjs.org/sax/-/sax-1.2.1.tgz",
      "integrity": "sha512-8I2a3LovHTOpm7NV5yOyO8IHqgVsfK4+UuySrXU8YXkSRX7k6hCV9b3HrkKCr3nMpgj+0bmocaJJWpvp1oc7ZA==",
      "license": "ISC"
    },
    "node_modules/signal-polyfill": {
      "version": "0.2.2",
      "resolved": "https://registry.npmjs.org/signal-polyfill/-/signal-polyfill-0.2.2.tgz",
      "integrity": "sha512-p63Y4Er5/eMQ9RHg0M0Y64NlsQKpiu6MDdhBXpyywRuWiPywhJTpKJ1iB5K2hJEbFZ0BnDS7ZkJ+0AfTuL37Rg==",
      "license": "Apache-2.0"
    },
    "node_modules/ua-parser-js": {
      "version": "1.0.41",
      "resolved": "https://registry.npmjs.org/ua-parser-js/-/ua-parser-js-1.0.41.tgz",
      "integrity": "sha512-LbBDqdIC5s8iROCUjMbW1f5dJQTEFB1+KO9ogbvlb3nm9n4YHa5p4KTvFPWvh2Hs8gZMBuiB1/8+pdfe/tDPug==",
      "funding": [
        {
          "type": "opencollective",
          "url": "https://opencollective.com/ua-parser-js"
        },
        {
          "type": "paypal",
          "url": "https://paypal.me/faisalman"
        },
        {
          "type": "github",
          "url": "https://github.com/sponsors/faisalman"
        }
      ],
      "license": "MIT",
      "bin": {
        "ua-parser-js": "script/cli.js"
      },
      "engines": {
        "node": "*"
      }
    }
  }
}
